#MicroXplorer Configuration settings - do not modify
DMA2D.ColorMode=DMA2D_OUTPUT_RGB565
DMA2D.IPParameters=ColorMode
FREERTOS.FootprintOK=true
FREERTOS.IPParameters=Tasks01,FootprintOK
FREERTOS.Tasks01=defaultTask,0,2048,StartDefaultTask,Default,NULL,Dynamic,NULL,NULL
File.Version=6
GPIO.groupedBy=Group By Peripherals
KeepUserPlacement=false
LTDC.ActiveH=320
LTDC.ActiveW=240
LTDC.Alpha0_L0=255
LTDC.Alpha_L0=255
LTDC.FBStartAdress_L0=0x00000000
LTDC.HBP=10
LTDC.HFP=20
LTDC.HSync=10
LTDC.IPParameters=ActiveW,ActiveH,Layers,PixelFormat_L0,FBStartAdress_L0,ImageWidth_L0,ImageHeight_L0,WindowX1_L0,WindowY1_L0,Alpha0_L0,Alpha_L0,HSync,HBP,HFP,VSync,VBP,VFP
LTDC.ImageHeight_L0=320
LTDC.ImageWidth_L0=240
LTDC.Layers=0
LTDC.PixelFormat_L0=LTDC_PIXEL_FORMAT_RGB565
LTDC.VBP=2
LTDC.VFP=4
LTDC.VSync=2
LTDC.WindowX1_L0=240
LTDC.WindowY1_L0=320
Mcu.Family=STM32F4
Mcu.IP0=CRC
Mcu.IP1=DMA2D
Mcu.IP10=TIM2
Mcu.IP11=TIM3
Mcu.IP12=TIM4
Mcu.IP13=UART4
Mcu.IP14=UART7
Mcu.IP15=USART1
Mcu.IP2=FREERTOS
Mcu.IP3=I2C1
Mcu.IP4=I2C3
Mcu.IP5=LTDC
Mcu.IP6=NVIC
Mcu.IP7=RCC
Mcu.IP8=SPI3
Mcu.IP9=SYS
Mcu.IPNb=16
Mcu.Name=STM32F429VITx
Mcu.Package=LQFP100
Mcu.Pin0=PE2
Mcu.Pin1=PE3
Mcu.Pin10=PA0/WKUP
Mcu.Pin11=PA1
Mcu.Pin12=PA3
Mcu.Pin13=PA4
Mcu.Pin14=PA5
Mcu.Pin15=PA6
Mcu.Pin16=PC5
Mcu.Pin17=PB0
Mcu.Pin18=PB1
Mcu.Pin19=PE7
Mcu.Pin2=PE4
Mcu.Pin20=PE8
Mcu.Pin21=PE11
Mcu.Pin22=PE12
Mcu.Pin23=PE13
Mcu.Pin24=PE14
Mcu.Pin25=PE15
Mcu.Pin26=PB10
Mcu.Pin27=PB11
Mcu.Pin28=PD9
Mcu.Pin29=PD10
Mcu.Pin3=PE5
Mcu.Pin30=PD11
Mcu.Pin31=PD13
Mcu.Pin32=PD14
Mcu.Pin33=PD15
Mcu.Pin34=PC6
Mcu.Pin35=PC7
Mcu.Pin36=PC8
Mcu.Pin37=PC9
Mcu.Pin38=PA8
Mcu.Pin39=PA9
Mcu.Pin4=PE6
Mcu.Pin40=PA10
Mcu.Pin41=PA11
Mcu.Pin42=PA12
Mcu.Pin43=PA15
Mcu.Pin44=PC10
Mcu.Pin45=PC12
Mcu.Pin46=PD0
Mcu.Pin47=PD1
Mcu.Pin48=PD3
Mcu.Pin49=PD6
Mcu.Pin5=PC13
Mcu.Pin50=PB6
Mcu.Pin51=PB7
Mcu.Pin52=PB8
Mcu.Pin53=PB9
Mcu.Pin54=PE1
Mcu.Pin55=VP_CRC_VS_CRC
Mcu.Pin56=VP_DMA2D_VS_DMA2D
Mcu.Pin57=VP_FREERTOS_VS_CMSIS_V1
Mcu.Pin58=VP_SYS_VS_tim1
Mcu.Pin59=VP_STMicroelectronics.X-CUBE-TOUCHGFX_VS_GraphicsJjApplication_4.13.0
Mcu.Pin6=PC14/OSC32_IN
Mcu.Pin7=PC15/OSC32_OUT
Mcu.Pin8=PH0/OSC_IN
Mcu.Pin9=PH1/OSC_OUT
Mcu.PinsNb=60
Mcu.ThirdParty0=STMicroelectronics.X-CUBE-TOUCHGFX.4.13.0
Mcu.ThirdPartyNb=1
Mcu.UserConstants=
Mcu.UserName=STM32F429VITx
MxCube.Version=5.5.0
MxDb.Version=DB.5.0.50
NVIC.BusFault_IRQn=true\:0\:0\:false\:false\:true\:false\:false\:false
NVIC.DMA2D_IRQn=true\:5\:0\:false\:false\:true\:true\:true\:true
NVIC.DebugMonitor_IRQn=true\:0\:0\:false\:false\:true\:false\:false\:false
NVIC.EXTI15_10_IRQn=true\:5\:0\:false\:false\:true\:true\:true\:true
NVIC.ForceEnableDMAVector=true
NVIC.HardFault_IRQn=true\:0\:0\:false\:false\:true\:false\:false\:false
NVIC.LTDC_IRQn=true\:5\:0\:false\:false\:true\:true\:true\:true
NVIC.MemoryManagement_IRQn=true\:0\:0\:false\:false\:true\:false\:false\:false
NVIC.NonMaskableInt_IRQn=true\:0\:0\:false\:false\:true\:false\:false\:false
NVIC.PendSV_IRQn=true\:15\:0\:false\:false\:false\:true\:false\:false
NVIC.PriorityGroup=NVIC_PRIORITYGROUP_4
NVIC.SVCall_IRQn=true\:0\:0\:false\:false\:false\:false\:false\:false
NVIC.SysTick_IRQn=true\:15\:0\:false\:false\:false\:true\:false\:false
NVIC.TIM1_UP_TIM10_IRQn=true\:0\:0\:false\:false\:true\:false\:false\:true
NVIC.TimeBase=TIM1_UP_TIM10_IRQn
NVIC.TimeBaseIP=TIM1
NVIC.UART7_IRQn=true\:5\:0\:false\:false\:true\:true\:true\:true
NVIC.USART1_IRQn=true\:5\:0\:false\:false\:true\:true\:true\:true
NVIC.UsageFault_IRQn=true\:0\:0\:false\:false\:true\:false\:false\:false
PA0/WKUP.Locked=true
PA0/WKUP.Mode=Asynchronous
PA0/WKUP.Signal=UART4_TX
PA1.Locked=true
PA1.Mode=Asynchronous
PA1.Signal=UART4_RX
PA10.Mode=Asynchronous
PA10.Signal=USART1_RX
PA11.Mode=RGB565
PA11.Signal=LTDC_R4
PA12.Mode=RGB565
PA12.Signal=LTDC_R5
PA15.Locked=true
PA15.Signal=S_TIM2_CH1_ETR
PA3.Mode=RGB565
PA3.Signal=LTDC_B5
PA4.Mode=RGB565
PA4.Signal=LTDC_VSYNC
PA5.Locked=true
PA5.Signal=GPIO_Output
PA6.Mode=RGB565
PA6.Signal=LTDC_G2
PA8.Mode=I2C
PA8.Signal=I2C3_SCL
PA9.Mode=Asynchronous
PA9.Signal=USART1_TX
PB0.Mode=RGB565
PB0.Signal=LTDC_R3
PB1.Mode=RGB565
PB1.Signal=LTDC_R6
PB10.Mode=RGB565
PB10.Signal=LTDC_G4
PB11.Mode=RGB565
PB11.Signal=LTDC_G5
PB6.Locked=true
PB6.Mode=I2C
PB6.Signal=I2C1_SCL
PB7.Locked=true
PB7.Mode=I2C
PB7.Signal=I2C1_SDA
PB8.Mode=RGB565
PB8.Signal=LTDC_B6
PB9.Mode=RGB565
PB9.Signal=LTDC_B7
PC10.Mode=Simplex_Bidirectional_Master
PC10.Signal=SPI3_SCK
PC12.Mode=Simplex_Bidirectional_Master
PC12.Signal=SPI3_MOSI
PC13.GPIOParameters=GPIO_Label
PC13.GPIO_Label=CHRG_OK
PC13.Locked=true
PC13.Signal=GPXTI13
PC14/OSC32_IN.GPIOParameters=GPIO_Label
PC14/OSC32_IN.GPIO_Label=PROCHOT
PC14/OSC32_IN.Locked=true
PC14/OSC32_IN.Signal=GPIO_Input
PC15/OSC32_OUT.GPIOParameters=GPIO_Label
PC15/OSC32_OUT.GPIO_Label=EN_OTG
PC15/OSC32_OUT.Locked=true
PC15/OSC32_OUT.Signal=GPIO_Output
PC5.Locked=true
PC5.Signal=GPIO_Output
PC6.Mode=RGB565
PC6.Signal=LTDC_HSYNC
PC7.Mode=RGB565
PC7.Signal=LTDC_G6
PC8.Locked=true
PC8.Signal=S_TIM3_CH3
PC9.Mode=I2C
PC9.Signal=I2C3_SDA
PCC.Checker=false
PCC.Line=STM32F429/439
PCC.MCU=STM32F429VITx
PCC.PartNumber=STM32F429VITx
PCC.Seq0=0
PCC.Series=STM32F4
PCC.Temperature=25
PCC.Vdd=3.3
PD0.GPIOParameters=GPIO_Label
PD0.GPIO_Label=CS_LCD
PD0.Locked=true
PD0.Signal=GPIO_Output
PD1.GPIOParameters=GPIO_Label
PD1.GPIO_Label=CMD_ALIM_LCD
PD1.Locked=true
PD1.Signal=GPIO_Output
PD10.Mode=RGB565
PD10.Signal=LTDC_B3
PD11.GPIOParameters=GPIO_Label
PD11.GPIO_Label=TP_INT
PD11.Locked=true
PD11.Signal=GPXTI11
PD13.GPIOParameters=GPIO_Label
PD13.GPIO_Label=EN_DRIVER
PD13.Locked=true
PD13.Signal=GPIO_Output
PD14.GPIOParameters=GPIO_Label,GPIO_ModeDefaultEXTI
PD14.GPIO_Label=CMD_ON_OFF
PD14.GPIO_ModeDefaultEXTI=GPIO_MODE_IT_RISING_FALLING
PD14.Locked=true
PD14.Signal=GPXTI14
PD15.Signal=S_TIM4_CH4
PD3.Mode=RGB565
PD3.Signal=LTDC_G7
PD6.GPIOParameters=GPIO_Label
PD6.GPIO_Label=CMD_ALIM_BLE
PD6.Locked=true
PD6.Signal=GPIO_Output
PD9.GPIOParameters=GPIO_Label
PD9.GPIO_Label=TP_RESET
PD9.Locked=true
PD9.Signal=GPIO_Output
PE1.GPIOParameters=GPIO_Label
PE1.GPIO_Label=CMD_LED1
PE1.Locked=true
PE1.Signal=GPIO_Output
PE11.Mode=RGB565
PE11.Signal=LTDC_G3
PE12.Mode=RGB565
PE12.Signal=LTDC_B4
PE13.Mode=RGB565
PE13.Signal=LTDC_DE
PE14.Mode=RGB565
PE14.Signal=LTDC_CLK
PE15.Mode=RGB565
PE15.Signal=LTDC_R7
PE2.GPIOParameters=GPIO_Label
PE2.GPIO_Label=CMD_LED2
PE2.Locked=true
PE2.Signal=GPIO_Output
PE3.GPIOParameters=GPIO_Label
PE3.GPIO_Label=CMD_LED3
PE3.Locked=true
PE3.Signal=GPIO_Output
PE4.GPIOParameters=GPIO_Label
PE4.GPIO_Label=CMD_LED4
PE4.Locked=true
PE4.Signal=GPIO_Output
PE5.GPIOParameters=GPIO_Label
PE5.GPIO_Label=CMD_LED5
PE5.Locked=true
PE5.Signal=GPIO_Output
PE6.GPIOParameters=GPIO_Label
PE6.GPIO_Label=CMD_LED6
PE6.Locked=true
PE6.Signal=GPIO_Output
PE7.Locked=true
PE7.Mode=Asynchronous
PE7.Signal=UART7_RX
PE8.Locked=true
PE8.Mode=Asynchronous
PE8.Signal=UART7_TX
PH0/OSC_IN.Locked=true
PH0/OSC_IN.Mode=HSE-External-Oscillator
PH0/OSC_IN.Signal=RCC_OSC_IN
PH1/OSC_OUT.Locked=true
PH1/OSC_OUT.Mode=HSE-External-Oscillator
PH1/OSC_OUT.Signal=RCC_OSC_OUT
PinOutPanel.RotationAngle=0
ProjectManager.AskForMigrate=true
ProjectManager.BackupPrevious=false
ProjectManager.CompilerOptimize=6
ProjectManager.ComputerToolchain=false
ProjectManager.CoupleFile=false
ProjectManager.CustomerFirmwarePackage=
ProjectManager.DefaultFWLocation=true
ProjectManager.DeletePrevious=true
ProjectManager.DeviceId=STM32F429VITx
ProjectManager.FirmwarePackage=STM32Cube FW_F4 V1.24.2
ProjectManager.FreePins=false
ProjectManager.HalAssertFull=false
ProjectManager.HeapSize=0x200
ProjectManager.KeepUserCode=true
ProjectManager.LastFirmware=true
ProjectManager.LibraryCopy=1
ProjectManager.MainLocation=Core/Src
ProjectManager.NoMain=false
ProjectManager.PreviousToolchain=
ProjectManager.ProjectBuild=false
ProjectManager.ProjectFileName=Level_Version_RTOS.ioc
ProjectManager.ProjectName=Level_Version_RTOS
ProjectManager.StackSize=0x400
ProjectManager.TargetToolchain=STM32CubeIDE
ProjectManager.ToolChainLocation=
ProjectManager.UnderRoot=true
ProjectManager.functionlistsort=1-MX_GPIO_Init-GPIO-false-HAL-true,2-SystemClock_Config-RCC-false-HAL-false,3-MX_DMA2D_Init-DMA2D-false-HAL-true,4-MX_LTDC_Init-LTDC-false-HAL-true,5-MX_SPI3_Init-SPI3-false-HAL-true,6-MX_I2C3_Init-I2C3-false-HAL-true,7-MX_TIM3_Init-TIM3-false-HAL-true,8-MX_CRC_Init-CRC-false-HAL-true,9-MX_TIM4_Init-TIM4-false-HAL-true,10-MX_TIM2_Init-TIM2-false-HAL-true,11-MX_I2C1_Init-I2C1-false-HAL-true,12-MX_UART4_Init-UART4-false-HAL-true,13-MX_TouchGFX_Init-STMicroelectronics.X-CUBE-TOUCHGFX.4.13.0-false-HAL-false,14-MX_TouchGFX_Process-STMicroelectronics.X-CUBE-TOUCHGFX.4.13.0-false-HAL-false
RCC.48MHZClocksFreq_Value=96000000
RCC.AHBFreq_Value=16000000
RCC.APB1Freq_Value=16000000
RCC.APB2Freq_Value=16000000
RCC.CortexFreq_Value=16000000
RCC.FamilyName=M
RCC.HSE_VALUE=25000000
RCC.HSI_VALUE=16000000
RCC.I2SClocksFreq_Value=192000000
RCC.IPParameters=48MHZClocksFreq_Value,AHBFreq_Value,APB1Freq_Value,APB2Freq_Value,CortexFreq_Value,FamilyName,HSE_VALUE,HSI_VALUE,I2SClocksFreq_Value,LCDTFTFreq_Value,LSE_VALUE,LSI_VALUE,PLLCLKFreq_Value,PLLM,PLLQCLKFreq_Value,PLLSAIN,PLLSAIR,RTCFreq_Value,RTCHSEDivFreq_Value,SAI_AClocksFreq_Value,SAI_BClocksFreq_Value,SYSCLKFreq_VALUE,VCOI2SOutputFreq_Value,VCOInputFreq_Value,VCOOutputFreq_Value,VCOSAIOutputFreq_Value,VCOSAIOutputFreq_ValueQ,VCOSAIOutputFreq_ValueR,VcooutputI2S,VcooutputI2SQ
RCC.LCDTFTFreq_Value=12000000
RCC.LSE_VALUE=32768
RCC.LSI_VALUE=32000
RCC.PLLCLKFreq_Value=192000000
RCC.PLLM=8
RCC.PLLQCLKFreq_Value=96000000
RCC.PLLSAIN=60
RCC.PLLSAIR=5
RCC.RTCFreq_Value=32000
RCC.RTCHSEDivFreq_Value=12500000
RCC.SAI_AClocksFreq_Value=30000000
RCC.SAI_BClocksFreq_Value=30000000
RCC.SYSCLKFreq_VALUE=16000000
RCC.VCOI2SOutputFreq_Value=384000000
RCC.VCOInputFreq_Value=2000000
RCC.VCOOutputFreq_Value=384000000
RCC.VCOSAIOutputFreq_Value=120000000
RCC.VCOSAIOutputFreq_ValueQ=30000000
RCC.VCOSAIOutputFreq_ValueR=24000000
RCC.VcooutputI2S=192000000
RCC.VcooutputI2SQ=192000000
SH.GPXTI11.0=GPIO_EXTI11
SH.GPXTI11.ConfNb=1
SH.GPXTI13.0=GPIO_EXTI13
SH.GPXTI13.ConfNb=1
SH.GPXTI14.0=GPIO_EXTI14
SH.GPXTI14.ConfNb=1
SH.S_TIM2_CH1_ETR.0=TIM2_CH1,PWM Generation1 CH1
SH.S_TIM2_CH1_ETR.ConfNb=1
SH.S_TIM3_CH3.0=TIM3_CH3,PWM Generation3 CH3
SH.S_TIM3_CH3.ConfNb=1
SH.S_TIM4_CH4.0=TIM4_CH4,PWM Generation4 CH4
SH.S_TIM4_CH4.ConfNb=1
SPI3.CalculateBaudRate=8.0 MBits/s
SPI3.Direction=SPI_DIRECTION_1LINE
SPI3.IPParameters=VirtualType,Mode,Direction,CalculateBaudRate
SPI3.Mode=SPI_MODE_MASTER
SPI3.VirtualType=VM_MASTER
STMicroelectronics.X-CUBE-TOUCHGFX.4.13.0.ApplicationCcGraphicsJjApplication=TouchGFXOoGenerator
STMicroelectronics.X-CUBE-TOUCHGFX.4.13.0.GraphicsJjApplication_Checked=true
STMicroelectronics.X-CUBE-TOUCHGFX.4.13.0.IPParameters=ApplicationCcGraphicsJjApplication,tgfx_hardware_accelerator,tgfx_display_interface,tgfx_vsync,tgfx_buffering_strategy,tgfx_location,tgfx_oswrapper
STMicroelectronics.X-CUBE-TOUCHGFX.4.13.0.tgfx_buffering_strategy=Single
STMicroelectronics.X-CUBE-TOUCHGFX.4.13.0.tgfx_display_interface=disp_ltdc
STMicroelectronics.X-CUBE-TOUCHGFX.4.13.0.tgfx_hardware_accelerator=dma_2d
STMicroelectronics.X-CUBE-TOUCHGFX.4.13.0.tgfx_location=Allocate
STMicroelectronics.X-CUBE-TOUCHGFX.4.13.0.tgfx_oswrapper=CMSIS V1
STMicroelectronics.X-CUBE-TOUCHGFX.4.13.0.tgfx_vsync=vsync_ltdc
STMicroelectronics.X-CUBE-TOUCHGFX.4.13.0_SwParameter=ApplicationCcGraphicsJjApplication\:TouchGFXOoGenerator;
TIM2.Channel-PWM\ Generation1\ CH1=TIM_CHANNEL_1
TIM2.IPParameters=Channel-PWM Generation1 CH1,Prescaler,Period
TIM2.Period=100
TIM2.Prescaler=119
TIM3.Channel-PWM\ Generation3\ CH3=TIM_CHANNEL_3
TIM3.IPParameters=Prescaler,Period,Channel-PWM Generation3 CH3,Pulse-PWM Generation3 CH3
TIM3.Period=100
TIM3.Prescaler=119
TIM3.Pulse-PWM\ Generation3\ CH3=50
TIM4.Channel-PWM\ Generation4\ CH4=TIM_CHANNEL_4
TIM4.IPParameters=Channel-PWM Generation4 CH4,Prescaler,Period
TIM4.Period=100
TIM4.Prescaler=119
UART4.IPParameters=VirtualMode
UART4.VirtualMode=Asynchronous
UART7.BaudRate=9600
UART7.IPParameters=VirtualMode,BaudRate
UART7.VirtualMode=Asynchronous
USART1.BaudRate=9600
USART1.IPParameters=VirtualMode,Parity,BaudRate,WordLength
USART1.Parity=PARITY_NONE
USART1.VirtualMode=VM_ASYNC
USART1.WordLength=WORDLENGTH_8B
VP_CRC_VS_CRC.Mode=CRC_Activate
VP_CRC_VS_CRC.Signal=CRC_VS_CRC
VP_DMA2D_VS_DMA2D.Mode=DMA2D_Activate
VP_DMA2D_VS_DMA2D.Signal=DMA2D_VS_DMA2D
VP_FREERTOS_VS_CMSIS_V1.Mode=CMSIS_V1
VP_FREERTOS_VS_CMSIS_V1.Signal=FREERTOS_VS_CMSIS_V1
VP_STMicroelectronics.X-CUBE-TOUCHGFX_VS_GraphicsJjApplication_4.13.0.Mode=GraphicsJjApplication
VP_STMicroelectronics.X-CUBE-TOUCHGFX_VS_GraphicsJjApplication_4.13.0.Signal=STMicroelectronics.X-CUBE-TOUCHGFX_VS_GraphicsJjApplication_4.13.0
VP_SYS_VS_tim1.Mode=TIM1
VP_SYS_VS_tim1.Signal=SYS_VS_tim1
board=custom
isbadioc=false
