<?xml version="1.0" encoding="utf-8"?>
<Project xmlns="http://schemas.microsoft.com/developer/msbuild/2003" ToolsVersion="4.0">
  <ItemGroup>
    <Filter Include="Header Files">
      <UniqueIdentifier>{4D1BFFCC-9CEB-4ABF-A951-582870FE71FD}</UniqueIdentifier>
      <Extensions>h;hpp;hxx;hm;inl;inc;xsd</Extensions>
    </Filter>
    <Filter Include="Header Files\TouchGFX">
      <UniqueIdentifier>{29C60541-803D-4F43-8683-028D9DA5E0CB}</UniqueIdentifier>
    </Filter>
    <Filter Include="Header Files\TouchGFX\common">
      <UniqueIdentifier>{AF2BF67C-89EC-4545-B0D2-5BD6803628D4}</UniqueIdentifier>
    </Filter>
    <Filter Include="Header Files\TouchGFX\mvp">
      <UniqueIdentifier>{A8F51E02-A400-49F1-AC86-371872A7E5E6}</UniqueIdentifier>
    </Filter>
    <Filter Include="Header Files\TouchGFX\platform">
      <UniqueIdentifier>{493CF637-721C-4516-8638-3EE4790FB455}</UniqueIdentifier>
    </Filter>
    <Filter Include="Header Files\TouchGFX\touchgfx">
      <UniqueIdentifier>{7187028B-6482-4EB3-8556-EECD38E0636B}</UniqueIdentifier>
    </Filter>
    <Filter Include="Header Files\TouchGFX\platform\driver">
      <UniqueIdentifier>{D2E6B448-6B79-434F-A8EB-C8F8415957E9}</UniqueIdentifier>
    </Filter>
    <Filter Include="Header Files\TouchGFX\platform\hal">
      <UniqueIdentifier>{07737357-9365-4A8F-B2F6-908B5FC4E808}</UniqueIdentifier>
    </Filter>
    <Filter Include="Header Files\TouchGFX\touchgfx\canvas_widget_renderer">
      <UniqueIdentifier>{085B248B-6BE1-4BF8-9913-35526BAEE4C7}</UniqueIdentifier>
    </Filter>
    <Filter Include="Header Files\TouchGFX\touchgfx\containers">
      <UniqueIdentifier>{E08C6B18-2F0E-4861-87D5-80FB0411017E}</UniqueIdentifier>
    </Filter>
    <Filter Include="Header Files\TouchGFX\touchgfx\events">
      <UniqueIdentifier>{29D72404-E5CB-472C-B00F-3784DF3CCD1E}</UniqueIdentifier>
    </Filter>
    <Filter Include="Header Files\TouchGFX\touchgfx\hal">
      <UniqueIdentifier>{09561B72-532B-45EB-8E32-CAA31C349F83}</UniqueIdentifier>
    </Filter>
    <Filter Include="Header Files\TouchGFX\touchgfx\lcd">
      <UniqueIdentifier>{A89B6308-CBC1-48EC-BF14-B3C6106FACCE}</UniqueIdentifier>
    </Filter>
    <Filter Include="Header Files\TouchGFX\touchgfx\mixins">
      <UniqueIdentifier>{DB82A963-BE52-4494-BD5E-358C5E79C081}</UniqueIdentifier>
    </Filter>
    <Filter Include="Header Files\TouchGFX\touchgfx\transforms">
      <UniqueIdentifier>{509E01BB-FBF4-4198-B748-936C1B67839A}</UniqueIdentifier>
    </Filter>
    <Filter Include="Header Files\TouchGFX\touchgfx\transitions">
      <UniqueIdentifier>{3F023E56-225A-4D4C-9D20-74447A23BAD9}</UniqueIdentifier>
    </Filter>
    <Filter Include="Header Files\TouchGFX\touchgfx\widgets">
      <UniqueIdentifier>{0E9A8FD3-B71B-46B9-B1F6-3A18292FFAC4}</UniqueIdentifier>
    </Filter>
    <Filter Include="Header Files\TouchGFX\platform\driver\lcd">
      <UniqueIdentifier>{9B32A742-EBA9-4EBA-832E-0421D7E68BC5}</UniqueIdentifier>
    </Filter>
    <Filter Include="Header Files\TouchGFX\platform\driver\touch">
      <UniqueIdentifier>{8C31441B-2191-4B32-869D-7B253AECB28F}</UniqueIdentifier>
    </Filter>
    <Filter Include="Header Files\TouchGFX\platform\hal\simulator">
      <UniqueIdentifier>{464CC9FB-AFF6-4FFA-B4D8-BCAC4B2B8898}</UniqueIdentifier>
    </Filter>
    <Filter Include="Header Files\TouchGFX\touchgfx\containers\clock">
      <UniqueIdentifier>{B7237C13-DD69-4F78-8446-9A554431E3F8}</UniqueIdentifier>
    </Filter>
    <Filter Include="Header Files\TouchGFX\touchgfx\containers\progress_indicators">
      <UniqueIdentifier>{5E0E884F-0059-4306-94BA-3197219750E3}</UniqueIdentifier>
    </Filter>
    <Filter Include="Header Files\TouchGFX\touchgfx\widgets\canvas">
      <UniqueIdentifier>{DBFF640A-BD63-40BC-A0A5-2468BC461037}</UniqueIdentifier>
    </Filter>
    <Filter Include="Header Files\TouchGFX\platform\hal\simulator\sdl2">
      <UniqueIdentifier>{EA3962C0-553C-4CFD-A89B-A116A9493818}</UniqueIdentifier>
    </Filter>
    <Filter Include="Header Files\generated">
      <UniqueIdentifier>{29C60541-803D-4F44-8783-028D9DA5E0CC}</UniqueIdentifier>
    </Filter>
    <Filter Include="Header Files\generated\simulator">
      <UniqueIdentifier>{29C60541-803D-4F43-8683-028D9DA5E0CC}</UniqueIdentifier>
    </Filter>
    <Filter Include="Resource Files">
      <UniqueIdentifier>{92BBFF14-FBDB-4755-BA47-A830D863D92B}</UniqueIdentifier>
      <Extensions>rc;ico;cur;bmp;dlg;rc2;rct;bin;rgs;gif;jpg;jpeg;jpe;resx;tiff;tif;ttf;otf;bdf;png;wav;xlsx;props;mfcribbon-ms</Extensions>
    </Filter>
    <Filter Include="Resource Files\assets">
      <UniqueIdentifier>{AF899B0F-78BE-47F9-A912-E92CB9156E40}</UniqueIdentifier>
    </Filter>
    <Filter Include="Resource Files\config">
      <UniqueIdentifier>{29E8A9F8-6504-4625-AB47-671A3F665E51}</UniqueIdentifier>
    </Filter>
    <Filter Include="Resource Files\assets\texts">
      <UniqueIdentifier>{382278FD-2B19-4E89-AE4F-24AF77E7A270}</UniqueIdentifier>
    </Filter>
    <Filter Include="Resource Files\config\msvs">
      <UniqueIdentifier>{C24EAEDB-9A3F-43DC-87FB-C7AC2729A078}</UniqueIdentifier>
    </Filter>
    <Filter Include="Source Files">
      <UniqueIdentifier>{2F3FC0AA-97C4-4366-9939-94A0FF4E028C}</UniqueIdentifier>
      <Extensions>cpp;c;cc;cxx;def;odl;idl;hpj;bat;asm;asmx</Extensions>
    </Filter>
    <Filter Include="Source Files\TouchGFX">
      <UniqueIdentifier>{C07B02A9-A55E-47AA-AD61-59A6AAD754E6}</UniqueIdentifier>
    </Filter>
    <Filter Include="Source Files\TouchGFX\platform">
      <UniqueIdentifier>{33EDC2DB-AF72-480C-92E5-2A2833BCAB6F}</UniqueIdentifier>
    </Filter>
    <Filter Include="Source Files\TouchGFX\platform\driver">
      <UniqueIdentifier>{1D8EFD90-430A-4539-9080-16A38861D20A}</UniqueIdentifier>
    </Filter>
    <Filter Include="Source Files\TouchGFX\platform\hal">
      <UniqueIdentifier>{E8DECBF2-0C8E-4397-8603-3101D6F922D6}</UniqueIdentifier>
    </Filter>
    <Filter Include="Source Files\TouchGFX\platform\driver\touch">
      <UniqueIdentifier>{40F0D55D-79D9-488A-AF83-ADC96179EADF}</UniqueIdentifier>
    </Filter>
    <Filter Include="Source Files\TouchGFX\platform\hal\simulator">
      <UniqueIdentifier>{3FB50DD5-31DA-4042-B7FD-2151C58CDA80}</UniqueIdentifier>
    </Filter>
    <Filter Include="Source Files\TouchGFX\platform\hal\simulator\sdl2">
      <UniqueIdentifier>{B48CB42B-0F9E-4815-BFE1-1ACC1150ED8A}</UniqueIdentifier>
    </Filter>
    <Filter Include="Source Files\simulator">
      <UniqueIdentifier>{C07B03A9-A55E-47AA-AD61-59A6AAD754E6}</UniqueIdentifier>
    </Filter>
    <Filter Include="Source Files\generated">
      <UniqueIdentifier>{C07B02B9-A55E-47AB-AD61-59A6AAD754E6}</UniqueIdentifier>
    </Filter>
    <Filter Include="Source Files\generated\simulator">
      <UniqueIdentifier>{C07B02B9-A55E-47AA-AD61-59A6AAD754E6}</UniqueIdentifier>
    </Filter>
    <Filter Include="Source Files\gui">
      <UniqueIdentifier>ECEB9AEE-EF5D-1FAE-B599-01FB6E4340E6</UniqueIdentifier>
    </Filter>
    <Filter Include="Header Files\gui">
      <UniqueIdentifier>B57A4E8A-6698-C9ED-F525-E40F8E0184DE</UniqueIdentifier>
    </Filter>
    <Filter Include="Header Files\gui\common">
      <UniqueIdentifier>A13F74B2-494E-1952-A0DD-1D4C57C2CB4C</UniqueIdentifier>
    </Filter>
    <Filter Include="Source Files\generated\gui_generated">
      <UniqueIdentifier>C7610935-B9FB-0BFF-D843-3CC083750B4E</UniqueIdentifier>
    </Filter>
    <Filter Include="Source Files\gui\screen1_screen">
      <UniqueIdentifier>6EB69DC8-FA8A-F21E-85C5-489A49BBE52B</UniqueIdentifier>
    </Filter>
    <Filter Include="Header Files\gui\model">
      <UniqueIdentifier>258A3920-BD77-38EB-83CD-312032AE70C6</UniqueIdentifier>
    </Filter>
    <Filter Include="Header Files\generated\gui_generated">
      <UniqueIdentifier>BF1B6B89-2B5C-8F2C-6FD6-2C56BF160F6D</UniqueIdentifier>
    </Filter>
    <Filter Include="Source Files\gui\model">
      <UniqueIdentifier>1B3D9E7A-5BD0-06C2-44DD-6A6F1C7C11F1</UniqueIdentifier>
    </Filter>
    <Filter Include="Header Files\gui\screen1_screen">
      <UniqueIdentifier>E45DF38C-D7EE-D7A6-AB51-CE3E4ED9E64B</UniqueIdentifier>
    </Filter>
    <Filter Include="Source Files\gui\common">
      <UniqueIdentifier>64412E86-FE2C-A2AF-C41A-31EF721B94A4</UniqueIdentifier>
    </Filter>
    <Filter Include="Source Files\generated\gui_generated\screen1_screen">
      <UniqueIdentifier>015CC9BE-86C4-5651-3465-222C91A7B530</UniqueIdentifier>
    </Filter>
    <Filter Include="Header Files\generated\gui_generated\screen1_screen">
      <UniqueIdentifier>FDD80D29-8AE0-2EF7-DC95-B0A0008F1163</UniqueIdentifier>
    </Filter>
    <Filter Include="Source Files\generated\gui_generated\common">
      <UniqueIdentifier>A9C876A0-A689-06A4-9323-B4D3497A54CE</UniqueIdentifier>
    </Filter>
    <Filter Include="Header Files\generated\gui_generated\common">
      <UniqueIdentifier>79C2D52C-0900-96EA-378D-FB8C275973D1</UniqueIdentifier>
    </Filter>
    <Filter Include="Source Files\gui\screen2_screen">
      <UniqueIdentifier>F4282104-5510-096D-0FEF-DD5400B8E097</UniqueIdentifier>
    </Filter>
    <Filter Include="Header Files\gui\screen2_screen">
      <UniqueIdentifier>843C46CC-FB64-77E7-2647-95E2EBDBC49E</UniqueIdentifier>
    </Filter>
    <Filter Include="Source Files\generated\gui_generated\screen2_screen">
      <UniqueIdentifier>32CBF464-4D7E-4C8E-A13A-7BDDDA469349</UniqueIdentifier>
    </Filter>
    <Filter Include="Header Files\generated\gui_generated\screen2_screen">
      <UniqueIdentifier>1F5859A1-AEE6-2398-BE7E-9961D85EE514</UniqueIdentifier>
    </Filter>
    <Filter Include="Header Files\gui\screencontrolsliderstrength_screen">
      <UniqueIdentifier>3B40D7C4-FBBB-F002-9845-69D4E91A5E0B</UniqueIdentifier>
    </Filter>
    <Filter Include="Source Files\gui\screencontrolsliderstrength_screen">
      <UniqueIdentifier>568D6565-1611-42D8-6730-B6831C51AD64</UniqueIdentifier>
    </Filter>
    <Filter Include="Source Files\generated\gui_generated\screencontrolsliderstrength_screen">
      <UniqueIdentifier>2837B30E-7C5B-52A2-AF78-431B1F2F3515</UniqueIdentifier>
    </Filter>
    <Filter Include="Header Files\generated\gui_generated\screencontrolsliderstrength_screen">
      <UniqueIdentifier>F9D83BB5-9BE0-C6D4-9E7A-9644F754D0E4</UniqueIdentifier>
    </Filter>
    <Filter Include="Source Files\gui\screencontrolsliderbrightness_screen">
      <UniqueIdentifier>570B8848-106A-FE32-0119-C06CAA0A8825</UniqueIdentifier>
    </Filter>
    <Filter Include="Header Files\gui\screencontrolsliderbrightness_screen">
      <UniqueIdentifier>356C6E1F-C79A-8932-6ADA-47DBDC9254B4</UniqueIdentifier>
    </Filter>
    <Filter Include="Source Files\gui\screencontrolsliderspeed_screen">
      <UniqueIdentifier>8D611E4C-C384-9283-D933-BB65420C59AE</UniqueIdentifier>
    </Filter>
    <Filter Include="Header Files\gui\screencontrolsliderspeed_screen">
      <UniqueIdentifier>E8D35633-F6D3-D464-13C0-318EA31078DF</UniqueIdentifier>
    </Filter>
    <Filter Include="Header Files\generated\gui_generated\screencontrolsliderspeed_screen">
      <UniqueIdentifier>0B2E866C-6DED-5F58-3137-1C1025821008</UniqueIdentifier>
    </Filter>
    <Filter Include="Source Files\generated\gui_generated\screencontrolsliderspeed_screen">
      <UniqueIdentifier>E83AC133-5C35-40D2-5EBA-EFBA9B0C308C</UniqueIdentifier>
    </Filter>
    <Filter Include="Header Files\generated\gui_generated\screencontrolsliderbrightness_screen">
      <UniqueIdentifier>277DAFB3-0633-45CB-E89C-BCF295F1741E</UniqueIdentifier>
    </Filter>
    <Filter Include="Source Files\generated\gui_generated\screencontrolsliderbrightness_screen">
      <UniqueIdentifier>A4E0B90C-B958-572B-1403-7685310C76F7</UniqueIdentifier>
    </Filter>
    <Filter Include="Header Files\gui\screencontrollampreading_screen">
      <UniqueIdentifier>93E466E6-76F0-ABAB-A141-BE77BF948031</UniqueIdentifier>
    </Filter>
    <Filter Include="Source Files\gui\screencontrollampreading_screen">
      <UniqueIdentifier>DC3982D9-6378-9D22-F58E-E0B9933148FC</UniqueIdentifier>
    </Filter>
    <Filter Include="Header Files\gui\screencontrollampnormal_screen">
      <UniqueIdentifier>0D313581-0C39-D2EC-2049-AE0DA1EB28F4</UniqueIdentifier>
    </Filter>
    <Filter Include="Source Files\gui\screencontrollampnormal_screen">
      <UniqueIdentifier>5AE0E821-F175-2C7E-76FA-1DBCDCBB239A</UniqueIdentifier>
    </Filter>
    <Filter Include="Source Files\generated\gui_generated\screencontrollampnormal_screen">
      <UniqueIdentifier>4E8456E7-D338-1C20-2630-BCA40674F948</UniqueIdentifier>
    </Filter>
    <Filter Include="Header Files\generated\gui_generated\screencontrollampnormal_screen">
      <UniqueIdentifier>79C530BC-8ADA-835A-991A-560F753D492B</UniqueIdentifier>
    </Filter>
    <Filter Include="Header Files\generated\gui_generated\screencontrollampreading_screen">
      <UniqueIdentifier>5F508236-4F3D-9733-DB3F-CCDD4F2BBD05</UniqueIdentifier>
    </Filter>
    <Filter Include="Source Files\generated\gui_generated\screencontrollampreading_screen">
      <UniqueIdentifier>269ABFAE-2471-7C0A-2BD9-489420331BC1</UniqueIdentifier>
    </Filter>
    <Filter Include="Header Files\gui\screenmenusettinglamp_screen">
      <UniqueIdentifier>C7EB2E87-C08A-2516-305D-CFD80E712677</UniqueIdentifier>
    </Filter>
    <Filter Include="Source Files\gui\screenmenusettinglamp_screen">
      <UniqueIdentifier>2B4A1285-C912-011D-46F3-3106AF78DEDA</UniqueIdentifier>
    </Filter>
    <Filter Include="Source Files\generated\gui_generated\screenmenusettinglamp_screen">
      <UniqueIdentifier>8C8A0635-4EBE-3BDE-18D2-1B28F1FA02FE</UniqueIdentifier>
    </Filter>
    <Filter Include="Header Files\generated\gui_generated\screenmenusettinglamp_screen">
      <UniqueIdentifier>747CECE5-028E-019D-490D-949FADFD94F7</UniqueIdentifier>
    </Filter>
    <Filter Include="Source Files\gui\screenwelcomewarning_screen">
      <UniqueIdentifier>3AA43DB3-1A4C-C42E-D67C-355255B89661</UniqueIdentifier>
    </Filter>
    <Filter Include="Header Files\gui\screenwelcomewarning_screen">
      <UniqueIdentifier>61CED41D-9CF0-2314-29D0-FE0F43E554AF</UniqueIdentifier>
    </Filter>
    <Filter Include="Source Files\gui\screenmenusettingbattery_screen">
      <UniqueIdentifier>3948DE73-FD21-4241-89FA-1849036D35A3</UniqueIdentifier>
    </Filter>
    <Filter Include="Header Files\gui\screenmenusettingbattery_screen">
      <UniqueIdentifier>31E2D07E-EC02-D46A-4D28-5C8A42D5A129</UniqueIdentifier>
    </Filter>
    <Filter Include="Header Files\generated\gui_generated\screenmenusettingbattery_screen">
      <UniqueIdentifier>173064C7-B17A-F378-9EBC-57F568238B3C</UniqueIdentifier>
    </Filter>
    <Filter Include="Source Files\generated\gui_generated\screenmenusettingbattery_screen">
      <UniqueIdentifier>05300D81-03CA-824F-6008-463DA9FAD507</UniqueIdentifier>
    </Filter>
    <Filter Include="Source Files\generated\gui_generated\screenwelcomewarning_screen">
      <UniqueIdentifier>81542487-C4AB-ECC6-39B9-E60ABF2FC93F</UniqueIdentifier>
    </Filter>
    <Filter Include="Header Files\generated\gui_generated\screenwelcomewarning_screen">
      <UniqueIdentifier>AF3BF021-FCF7-509B-32B4-1D41D595FF0B</UniqueIdentifier>
    </Filter>
    <Filter Include="Source Files\gui\screenwelcomeanimation_screen">
      <UniqueIdentifier>1873EEA2-E49A-01F6-5F49-5A4B2D090043</UniqueIdentifier>
    </Filter>
    <Filter Include="Header Files\gui\screenwelcomeanimation_screen">
      <UniqueIdentifier>A7F19E8D-9E16-7E84-59A9-54A19F18C08B</UniqueIdentifier>
    </Filter>
    <Filter Include="Source Files\generated\gui_generated\screenwelcomeanimation_screen">
      <UniqueIdentifier>7A7E0CF6-2043-A6E6-03BA-06BBAE60EE07</UniqueIdentifier>
    </Filter>
    <Filter Include="Header Files\generated\gui_generated\screenwelcomeanimation_screen">
      <UniqueIdentifier>79F82F76-9339-5080-5F51-11A4D9D872D2</UniqueIdentifier>
    </Filter>
  </ItemGroup>
  <ItemGroup>
    <ClCompile Include="$(TouchGFXReleasePath)\framework\source\platform\driver\touch\SDL2TouchController.cpp">
      <Filter>Source Files\TouchGFX\platform\driver\touch</Filter>
    </ClCompile>
    <ClCompile Include="$(TouchGFXReleasePath)\framework\source\platform\hal\simulator\sdl2\HALSDL2.cpp">
      <Filter>Source Files\TouchGFX\platform\hal\simulator\sdl2</Filter>
    </ClCompile>
    <ClCompile Include="$(TouchGFXReleasePath)\framework\source\platform\hal\simulator\sdl2\HALSDL2_icon.cpp">
      <Filter>Source Files\TouchGFX\platform\hal\simulator\sdl2</Filter>
    </ClCompile>
    <ClCompile Include="$(TouchGFXReleasePath)\framework\source\platform\hal\simulator\sdl2\OSWrappers.cpp">
      <Filter>Source Files\TouchGFX\platform\hal\simulator\sdl2</Filter>
    </ClCompile>
    <ClCompile Include="$(ApplicationRoot)\simulator\main.cpp">
      <Filter>Source Files\simulator</Filter>
    </ClCompile>
    <ClCompile Include="$(ApplicationRoot)\generated\simulator\src\mainBase.cpp">
      <Filter>Source Files\generated\simulator</Filter>
    </ClCompile>
    <ClCompile Include="..\..\gui\src\common\FrontendApplication.cpp">
      <Filter>Source Files\gui\common</Filter>
    </ClCompile>
    <ClCompile Include="..\..\generated\gui_generated\src\common\FrontendApplicationBase.cpp">
      <Filter>Source Files\generated\gui_generated\common</Filter>
    </ClCompile>
    <ClCompile Include="..\..\gui\src\model\Model.cpp">
      <Filter>Source Files\gui\model</Filter>
    </ClCompile>
    <ClCompile Include="..\..\gui\src\screen1_screen\Screen1Presenter.cpp">
      <Filter>Source Files\gui\screen1_screen</Filter>
    </ClCompile>
    <ClCompile Include="..\..\gui\src\screen1_screen\Screen1View.cpp">
      <Filter>Source Files\gui\screen1_screen</Filter>
    </ClCompile>
    <ClCompile Include="..\..\generated\gui_generated\src\screen1_screen\Screen1ViewBase.cpp">
      <Filter>Source Files\generated\gui_generated\screen1_screen</Filter>
    </ClCompile>
    <ClCompile Include="..\..\gui\src\screen2_screen\Screen2Presenter.cpp">
      <Filter>Source Files\gui\screen2_screen</Filter>
    </ClCompile>
    <ClCompile Include="..\..\gui\src\screen2_screen\Screen2View.cpp">
      <Filter>Source Files\gui\screen2_screen</Filter>
    </ClCompile>
    <ClCompile Include="..\..\generated\gui_generated\src\screen2_screen\Screen2ViewBase.cpp">
      <Filter>Source Files\generated\gui_generated\screen2_screen</Filter>
    </ClCompile>
    <ClCompile Include="..\..\gui\src\screencontrolsliderstrength_screen\ScreenControlSliderStrengthPresenter.cpp">
      <Filter>Source Files\gui\screencontrolsliderstrength_screen</Filter>
    </ClCompile>
    <ClCompile Include="..\..\gui\src\screencontrolsliderstrength_screen\ScreenControlSliderStrengthView.cpp">
      <Filter>Source Files\gui\screencontrolsliderstrength_screen</Filter>
    </ClCompile>
    <ClCompile Include="..\..\generated\gui_generated\src\screencontrolsliderstrength_screen\ScreenControlSliderStrengthViewBase.cpp">
      <Filter>Source Files\generated\gui_generated\screencontrolsliderstrength_screen</Filter>
    </ClCompile>
    <ClCompile Include="..\..\gui\src\screencontrolsliderbrightness_screen\ScreenControlSliderBrightnessPresenter.cpp">
      <Filter>Source Files\gui\screencontrolsliderbrightness_screen</Filter>
    </ClCompile>
    <ClCompile Include="..\..\gui\src\screencontrolsliderbrightness_screen\ScreenControlSliderBrightnessView.cpp">
      <Filter>Source Files\gui\screencontrolsliderbrightness_screen</Filter>
    </ClCompile>
    <ClCompile Include="..\..\generated\gui_generated\src\screencontrolsliderbrightness_screen\ScreenControlSliderBrightnessViewBase.cpp">
      <Filter>Source Files\generated\gui_generated\screencontrolsliderbrightness_screen</Filter>
    </ClCompile>
    <ClCompile Include="..\..\gui\src\screencontrolsliderspeed_screen\ScreenControlSliderSpeedPresenter.cpp">
      <Filter>Source Files\gui\screencontrolsliderspeed_screen</Filter>
    </ClCompile>
    <ClCompile Include="..\..\gui\src\screencontrolsliderspeed_screen\ScreenControlSliderSpeedView.cpp">
      <Filter>Source Files\gui\screencontrolsliderspeed_screen</Filter>
    </ClCompile>
    <ClCompile Include="..\..\generated\gui_generated\src\screencontrolsliderspeed_screen\ScreenControlSliderSpeedViewBase.cpp">
      <Filter>Source Files\generated\gui_generated\screencontrolsliderspeed_screen</Filter>
    </ClCompile>
    <ClCompile Include="..\..\gui\src\screencontrollampnormal_screen\ScreenControlLampNormalPresenter.cpp">
      <Filter>Source Files\gui\screencontrollampnormal_screen</Filter>
    </ClCompile>
    <ClCompile Include="..\..\gui\src\screencontrollampnormal_screen\ScreenControlLampNormalView.cpp">
      <Filter>Source Files\gui\screencontrollampnormal_screen</Filter>
    </ClCompile>
    <ClCompile Include="..\..\generated\gui_generated\src\screencontrollampnormal_screen\ScreenControlLampNormalViewBase.cpp">
      <Filter>Source Files\generated\gui_generated\screencontrollampnormal_screen</Filter>
    </ClCompile>
    <ClCompile Include="..\..\gui\src\screencontrollampreading_screen\ScreenControlLampReadingPresenter.cpp">
      <Filter>Source Files\gui\screencontrollampreading_screen</Filter>
    </ClCompile>
    <ClCompile Include="..\..\gui\src\screencontrollampreading_screen\ScreenControlLampReadingView.cpp">
      <Filter>Source Files\gui\screencontrollampreading_screen</Filter>
    </ClCompile>
    <ClCompile Include="..\..\generated\gui_generated\src\screencontrollampreading_screen\ScreenControlLampReadingViewBase.cpp">
      <Filter>Source Files\generated\gui_generated\screencontrollampreading_screen</Filter>
    </ClCompile>
    <ClCompile Include="..\..\gui\src\screenmenusettinglamp_screen\ScreenMenuSettingLampPresenter.cpp">
      <Filter>Source Files\gui\screenmenusettinglamp_screen</Filter>
    </ClCompile>
    <ClCompile Include="..\..\gui\src\screenmenusettinglamp_screen\ScreenMenuSettingLampView.cpp">
      <Filter>Source Files\gui\screenmenusettinglamp_screen</Filter>
    </ClCompile>
    <ClCompile Include="..\..\generated\gui_generated\src\screenmenusettinglamp_screen\ScreenMenuSettingLampViewBase.cpp">
      <Filter>Source Files\generated\gui_generated\screenmenusettinglamp_screen</Filter>
    </ClCompile>
    <ClCompile Include="..\..\gui\src\screenmenusettingbattery_screen\ScreenMenuSettingBatteryPresenter.cpp">
      <Filter>Source Files\gui\screenmenusettingbattery_screen</Filter>
    </ClCompile>
    <ClCompile Include="..\..\gui\src\screenmenusettingbattery_screen\ScreenMenuSettingBatteryView.cpp">
      <Filter>Source Files\gui\screenmenusettingbattery_screen</Filter>
    </ClCompile>
    <ClCompile Include="..\..\generated\gui_generated\src\screenmenusettingbattery_screen\ScreenMenuSettingBatteryViewBase.cpp">
      <Filter>Source Files\generated\gui_generated\screenmenusettingbattery_screen</Filter>
    </ClCompile>
    <ClCompile Include="..\..\gui\src\screenwelcomewarning_screen\ScreenWelcomeWarningPresenter.cpp">
      <Filter>Source Files\gui\screenwelcomewarning_screen</Filter>
    </ClCompile>
    <ClCompile Include="..\..\gui\src\screenwelcomewarning_screen\ScreenWelcomeWarningView.cpp">
      <Filter>Source Files\gui\screenwelcomewarning_screen</Filter>
    </ClCompile>
    <ClCompile Include="..\..\generated\gui_generated\src\screenwelcomewarning_screen\ScreenWelcomeWarningViewBase.cpp">
      <Filter>Source Files\generated\gui_generated\screenwelcomewarning_screen</Filter>
    </ClCompile>
    <ClCompile Include="..\..\gui\src\screenwelcomeanimation_screen\ScreenWelcomeAnimationPresenter.cpp">
      <Filter>Source Files\gui\screenwelcomeanimation_screen</Filter>
    </ClCompile>
    <ClCompile Include="..\..\gui\src\screenwelcomeanimation_screen\ScreenWelcomeAnimationView.cpp">
      <Filter>Source Files\gui\screenwelcomeanimation_screen</Filter>
    </ClCompile>
    <ClCompile Include="..\..\generated\gui_generated\src\screenwelcomeanimation_screen\ScreenWelcomeAnimationViewBase.cpp">
      <Filter>Source Files\generated\gui_generated\screenwelcomeanimation_screen</Filter>
    </ClCompile>
  </ItemGroup>
  <ItemGroup>
    <None Include="$(ApplicationRoot)\assets\texts\texts.xlsx">
      <Filter>Resource Files\assets\texts</Filter>
    </None>
    <None Include="$(ApplicationRoot)\config\msvs\Application.props">
      <Filter>Resource Files\config\msvs</Filter>
    </None>
  </ItemGroup>
  <ItemGroup>
    <ClInclude Include="$(TouchGFXReleasePath)\framework\include\common\AbstractPartition.hpp">
      <Filter>Header Files\TouchGFX\common</Filter>
    </ClInclude>
    <ClInclude Include="$(TouchGFXReleasePath)\framework\include\common\Meta.hpp">
      <Filter>Header Files\TouchGFX\common</Filter>
    </ClInclude>
    <ClInclude Include="$(TouchGFXReleasePath)\framework\include\common\Partition.hpp">
      <Filter>Header Files\TouchGFX\common</Filter>
    </ClInclude>
    <ClInclude Include="$(TouchGFXReleasePath)\framework\include\common\TouchGFXInit.hpp">
      <Filter>Header Files\TouchGFX\common</Filter>
    </ClInclude>
    <ClInclude Include="$(TouchGFXReleasePath)\framework\include\mvp\MVPApplication.hpp">
      <Filter>Header Files\TouchGFX\mvp</Filter>
    </ClInclude>
    <ClInclude Include="$(TouchGFXReleasePath)\framework\include\mvp\MVPHeap.hpp">
      <Filter>Header Files\TouchGFX\mvp</Filter>
    </ClInclude>
    <ClInclude Include="$(TouchGFXReleasePath)\framework\include\mvp\Presenter.hpp">
      <Filter>Header Files\TouchGFX\mvp</Filter>
    </ClInclude>
    <ClInclude Include="$(TouchGFXReleasePath)\framework\include\mvp\View.hpp">
      <Filter>Header Files\TouchGFX\mvp</Filter>
    </ClInclude>
    <ClInclude Include="$(TouchGFXReleasePath)\framework\include\platform\driver\lcd\LCD16bpp.hpp">
      <Filter>Header Files\TouchGFX\platform\driver\lcd</Filter>
    </ClInclude>
    <ClInclude Include="$(TouchGFXReleasePath)\framework\include\platform\driver\lcd\LCD1bpp.hpp">
      <Filter>Header Files\TouchGFX\platform\driver\lcd</Filter>
    </ClInclude>
    <ClInclude Include="$(TouchGFXReleasePath)\framework\include\platform\driver\lcd\LCD24bpp.hpp">
      <Filter>Header Files\TouchGFX\platform\driver\lcd</Filter>
    </ClInclude>
    <ClInclude Include="$(TouchGFXReleasePath)\framework\include\platform\driver\lcd\LCD2bpp.hpp">
      <Filter>Header Files\TouchGFX\platform\driver\lcd</Filter>
    </ClInclude>
    <ClInclude Include="$(TouchGFXReleasePath)\framework\include\platform\driver\lcd\LCD4bpp.hpp">
      <Filter>Header Files\TouchGFX\platform\driver\lcd</Filter>
    </ClInclude>
    <ClInclude Include="$(TouchGFXReleasePath)\framework\include\platform\driver\touch\SDL2TouchController.hpp">
      <Filter>Header Files\TouchGFX\platform\driver\touch</Filter>
    </ClInclude>
    <ClInclude Include="$(TouchGFXReleasePath)\framework\include\platform\hal\simulator\sdl2\HALSDL2.hpp">
      <Filter>Header Files\TouchGFX\platform\hal\simulator\sdl2</Filter>
    </ClInclude>
    <ClInclude Include="$(TouchGFXReleasePath)\framework\include\touchgfx\Application.hpp">
      <Filter>Header Files\TouchGFX\touchgfx</Filter>
    </ClInclude>
    <ClInclude Include="$(TouchGFXReleasePath)\framework\include\touchgfx\Bitmap.hpp">
      <Filter>Header Files\TouchGFX\touchgfx</Filter>
    </ClInclude>
    <ClInclude Include="$(TouchGFXReleasePath)\framework\include\touchgfx\Callback.hpp">
      <Filter>Header Files\TouchGFX\touchgfx</Filter>
    </ClInclude>
    <ClInclude Include="$(TouchGFXReleasePath)\framework\include\touchgfx\canvas_widget_renderer\CanvasWidgetRenderer.hpp">
      <Filter>Header Files\TouchGFX\touchgfx\canvas_widget_renderer</Filter>
    </ClInclude>
    <ClInclude Include="$(TouchGFXReleasePath)\framework\include\touchgfx\canvas_widget_renderer\Cell.hpp">
      <Filter>Header Files\TouchGFX\touchgfx\canvas_widget_renderer</Filter>
    </ClInclude>
    <ClInclude Include="$(TouchGFXReleasePath)\framework\include\touchgfx\canvas_widget_renderer\Outline.hpp">
      <Filter>Header Files\TouchGFX\touchgfx\canvas_widget_renderer</Filter>
    </ClInclude>
    <ClInclude Include="$(TouchGFXReleasePath)\framework\include\touchgfx\canvas_widget_renderer\Rasterizer.hpp">
      <Filter>Header Files\TouchGFX\touchgfx\canvas_widget_renderer</Filter>
    </ClInclude>
    <ClInclude Include="$(TouchGFXReleasePath)\framework\include\touchgfx\canvas_widget_renderer\Renderer.hpp">
      <Filter>Header Files\TouchGFX\touchgfx\canvas_widget_renderer</Filter>
    </ClInclude>
    <ClInclude Include="$(TouchGFXReleasePath)\framework\include\touchgfx\canvas_widget_renderer\RenderingBuffer.hpp">
      <Filter>Header Files\TouchGFX\touchgfx\canvas_widget_renderer</Filter>
    </ClInclude>
    <ClInclude Include="$(TouchGFXReleasePath)\framework\include\touchgfx\canvas_widget_renderer\RGBA8.hpp">
      <Filter>Header Files\TouchGFX\touchgfx\canvas_widget_renderer</Filter>
    </ClInclude>
    <ClInclude Include="$(TouchGFXReleasePath)\framework\include\touchgfx\canvas_widget_renderer\Scanline.hpp">
      <Filter>Header Files\TouchGFX\touchgfx\canvas_widget_renderer</Filter>
    </ClInclude>
    <ClInclude Include="$(TouchGFXReleasePath)\framework\include\touchgfx\Color.hpp">
      <Filter>Header Files\TouchGFX\touchgfx</Filter>
    </ClInclude>
    <ClInclude Include="$(TouchGFXReleasePath)\framework\include\touchgfx\ConstFont.hpp">
      <Filter>Header Files\TouchGFX\touchgfx</Filter>
    </ClInclude>
    <ClInclude Include="$(TouchGFXReleasePath)\framework\include\touchgfx\containers\clock\AbstractClock.hpp">
      <Filter>Header Files\TouchGFX\touchgfx\containers\clock</Filter>
    </ClInclude>
    <ClInclude Include="$(TouchGFXReleasePath)\framework\include\touchgfx\containers\clock\AnalogClock.hpp">
      <Filter>Header Files\TouchGFX\touchgfx\containers\clock</Filter>
    </ClInclude>
    <ClInclude Include="$(TouchGFXReleasePath)\framework\include\touchgfx\containers\clock\DigitalClock.hpp">
      <Filter>Header Files\TouchGFX\touchgfx\containers\clock</Filter>
    </ClInclude>
    <ClInclude Include="$(TouchGFXReleasePath)\framework\include\touchgfx\containers\Container.hpp">
      <Filter>Header Files\TouchGFX\touchgfx\containers</Filter>
    </ClInclude>
    <ClInclude Include="$(TouchGFXReleasePath)\framework\include\touchgfx\containers\ListLayout.hpp">
      <Filter>Header Files\TouchGFX\touchgfx\containers</Filter>
    </ClInclude>
    <ClInclude Include="$(TouchGFXReleasePath)\framework\include\touchgfx\containers\ModalWindow.hpp">
      <Filter>Header Files\TouchGFX\touchgfx\containers</Filter>
    </ClInclude>
    <ClInclude Include="$(TouchGFXReleasePath)\framework\include\touchgfx\containers\progress_indicators\AbstractDirectionProgress.hpp">
      <Filter>Header Files\TouchGFX\touchgfx\containers\progress_indicators</Filter>
    </ClInclude>
    <ClInclude Include="$(TouchGFXReleasePath)\framework\include\touchgfx\containers\progress_indicators\AbstractProgressIndicator.hpp">
      <Filter>Header Files\TouchGFX\touchgfx\containers\progress_indicators</Filter>
    </ClInclude>
    <ClInclude Include="$(TouchGFXReleasePath)\framework\include\touchgfx\containers\progress_indicators\BoxProgress.hpp">
      <Filter>Header Files\TouchGFX\touchgfx\containers\progress_indicators</Filter>
    </ClInclude>
    <ClInclude Include="$(TouchGFXReleasePath)\framework\include\touchgfx\containers\progress_indicators\CircleProgress.hpp">
      <Filter>Header Files\TouchGFX\touchgfx\containers\progress_indicators</Filter>
    </ClInclude>
    <ClInclude Include="$(TouchGFXReleasePath)\framework\include\touchgfx\containers\progress_indicators\ImageProgress.hpp">
      <Filter>Header Files\TouchGFX\touchgfx\containers\progress_indicators</Filter>
    </ClInclude>
    <ClInclude Include="$(TouchGFXReleasePath)\framework\include\touchgfx\containers\progress_indicators\LineProgress.hpp">
      <Filter>Header Files\TouchGFX\touchgfx\containers\progress_indicators</Filter>
    </ClInclude>
    <ClInclude Include="$(TouchGFXReleasePath)\framework\include\touchgfx\containers\progress_indicators\TextProgress.hpp">
      <Filter>Header Files\TouchGFX\touchgfx\containers\progress_indicators</Filter>
    </ClInclude>
    <ClInclude Include="$(TouchGFXReleasePath)\framework\include\touchgfx\containers\ScrollableContainer.hpp">
      <Filter>Header Files\TouchGFX\touchgfx\containers</Filter>
    </ClInclude>
    <ClInclude Include="$(TouchGFXReleasePath)\framework\include\touchgfx\containers\SlideMenu.hpp">
      <Filter>Header Files\TouchGFX\touchgfx\containers</Filter>
    </ClInclude>
    <ClInclude Include="$(TouchGFXReleasePath)\framework\include\touchgfx\containers\Slider.hpp">
      <Filter>Header Files\TouchGFX\touchgfx\containers</Filter>
    </ClInclude>
    <ClInclude Include="$(TouchGFXReleasePath)\framework\include\touchgfx\containers\ZoomAnimationImage.hpp">
      <Filter>Header Files\TouchGFX\touchgfx\containers</Filter>
    </ClInclude>
    <ClInclude Include="$(TouchGFXReleasePath)\framework\include\touchgfx\Drawable.hpp">
      <Filter>Header Files\TouchGFX\touchgfx</Filter>
    </ClInclude>
    <ClInclude Include="$(TouchGFXReleasePath)\framework\include\touchgfx\EasingEquations.hpp">
      <Filter>Header Files\TouchGFX\touchgfx</Filter>
    </ClInclude>
    <ClInclude Include="$(TouchGFXReleasePath)\framework\include\touchgfx\Event.hpp">
      <Filter>Header Files\TouchGFX\touchgfx</Filter>
    </ClInclude>
    <ClInclude Include="$(TouchGFXReleasePath)\framework\include\touchgfx\events\ClickEvent.hpp">
      <Filter>Header Files\TouchGFX\touchgfx\events</Filter>
    </ClInclude>
    <ClInclude Include="$(TouchGFXReleasePath)\framework\include\touchgfx\events\DragEvent.hpp">
      <Filter>Header Files\TouchGFX\touchgfx\events</Filter>
    </ClInclude>
    <ClInclude Include="$(TouchGFXReleasePath)\framework\include\touchgfx\events\GestureEvent.hpp">
      <Filter>Header Files\TouchGFX\touchgfx\events</Filter>
    </ClInclude>
    <ClInclude Include="$(TouchGFXReleasePath)\framework\include\touchgfx\Font.hpp">
      <Filter>Header Files\TouchGFX\touchgfx</Filter>
    </ClInclude>
    <ClInclude Include="$(TouchGFXReleasePath)\framework\include\touchgfx\FontManager.hpp">
      <Filter>Header Files\TouchGFX\touchgfx</Filter>
    </ClInclude>
    <ClInclude Include="$(TouchGFXReleasePath)\framework\include\touchgfx\hal\Atomic.hpp">
      <Filter>Header Files\TouchGFX\touchgfx\hal</Filter>
    </ClInclude>
    <ClInclude Include="$(TouchGFXReleasePath)\framework\include\touchgfx\hal\BlitOp.hpp">
      <Filter>Header Files\TouchGFX\touchgfx\hal</Filter>
    </ClInclude>
    <ClInclude Include="$(TouchGFXReleasePath)\framework\include\touchgfx\hal\BoardConfiguration.hpp">
      <Filter>Header Files\TouchGFX\touchgfx\hal</Filter>
    </ClInclude>
    <ClInclude Include="$(TouchGFXReleasePath)\framework\include\touchgfx\hal\Buttons.hpp">
      <Filter>Header Files\TouchGFX\touchgfx\hal</Filter>
    </ClInclude>
    <ClInclude Include="$(TouchGFXReleasePath)\framework\include\touchgfx\hal\Config.hpp">
      <Filter>Header Files\TouchGFX\touchgfx\hal</Filter>
    </ClInclude>
    <ClInclude Include="$(TouchGFXReleasePath)\framework\include\touchgfx\hal\DMA.hpp">
      <Filter>Header Files\TouchGFX\touchgfx\hal</Filter>
    </ClInclude>
    <ClInclude Include="$(TouchGFXReleasePath)\framework\include\touchgfx\hal\Gestures.hpp">
      <Filter>Header Files\TouchGFX\touchgfx\hal</Filter>
    </ClInclude>
    <ClInclude Include="$(TouchGFXReleasePath)\framework\include\touchgfx\hal\GPIO.hpp">
      <Filter>Header Files\TouchGFX\touchgfx\hal</Filter>
    </ClInclude>
    <ClInclude Include="$(TouchGFXReleasePath)\framework\include\touchgfx\hal\HAL.hpp">
      <Filter>Header Files\TouchGFX\touchgfx\hal</Filter>
    </ClInclude>
    <ClInclude Include="$(TouchGFXReleasePath)\framework\include\touchgfx\hal\LED.hpp">
      <Filter>Header Files\TouchGFX\touchgfx\hal</Filter>
    </ClInclude>
    <ClInclude Include="$(TouchGFXReleasePath)\framework\include\touchgfx\hal\NoDMA.hpp">
      <Filter>Header Files\TouchGFX\touchgfx\hal</Filter>
    </ClInclude>
    <ClInclude Include="$(TouchGFXReleasePath)\framework\include\touchgfx\hal\OSWrappers.hpp">
      <Filter>Header Files\TouchGFX\touchgfx\hal</Filter>
    </ClInclude>
    <ClInclude Include="$(TouchGFXReleasePath)\framework\include\touchgfx\hal\Types.hpp">
      <Filter>Header Files\TouchGFX\touchgfx\hal</Filter>
    </ClInclude>
    <ClInclude Include="$(TouchGFXReleasePath)\framework\include\touchgfx\InternalFlashFont.hpp">
      <Filter>Header Files\TouchGFX\touchgfx</Filter>
    </ClInclude>
    <ClInclude Include="$(TouchGFXReleasePath)\framework\include\touchgfx\JSMOCHelper.hpp">
      <Filter>Header Files\TouchGFX\touchgfx</Filter>
    </ClInclude>
    <ClInclude Include="$(TouchGFXReleasePath)\framework\include\touchgfx\lcd\LCD.hpp">
      <Filter>Header Files\TouchGFX\touchgfx\lcd</Filter>
    </ClInclude>
    <ClInclude Include="$(TouchGFXReleasePath)\framework\include\touchgfx\Math3D.hpp">
      <Filter>Header Files\TouchGFX\touchgfx</Filter>
    </ClInclude>
    <ClInclude Include="$(TouchGFXReleasePath)\framework\include\touchgfx\mixins\ClickListener.hpp">
      <Filter>Header Files\TouchGFX\touchgfx\mixins</Filter>
    </ClInclude>
    <ClInclude Include="$(TouchGFXReleasePath)\framework\include\touchgfx\mixins\Draggable.hpp">
      <Filter>Header Files\TouchGFX\touchgfx\mixins</Filter>
    </ClInclude>
    <ClInclude Include="$(TouchGFXReleasePath)\framework\include\touchgfx\mixins\FadeAnimator.hpp">
      <Filter>Header Files\TouchGFX\touchgfx\mixins</Filter>
    </ClInclude>
    <ClInclude Include="$(TouchGFXReleasePath)\framework\include\touchgfx\mixins\MoveAnimator.hpp">
      <Filter>Header Files\TouchGFX\touchgfx\mixins</Filter>
    </ClInclude>
    <ClInclude Include="$(TouchGFXReleasePath)\framework\include\touchgfx\mixins\PreRenderable.hpp">
      <Filter>Header Files\TouchGFX\touchgfx\mixins</Filter>
    </ClInclude>
    <ClInclude Include="$(TouchGFXReleasePath)\framework\include\touchgfx\mixins\Snapper.hpp">
      <Filter>Header Files\TouchGFX\touchgfx\mixins</Filter>
    </ClInclude>
    <ClInclude Include="$(TouchGFXReleasePath)\framework\include\touchgfx\Screen.hpp">
      <Filter>Header Files\TouchGFX\touchgfx</Filter>
    </ClInclude>
    <ClInclude Include="$(TouchGFXReleasePath)\framework\include\touchgfx\TextProvider.hpp">
      <Filter>Header Files\TouchGFX\touchgfx</Filter>
    </ClInclude>
    <ClInclude Include="$(TouchGFXReleasePath)\framework\include\touchgfx\Texts.hpp">
      <Filter>Header Files\TouchGFX\touchgfx</Filter>
    </ClInclude>
    <ClInclude Include="$(TouchGFXReleasePath)\framework\include\touchgfx\TextureMapTypes.hpp">
      <Filter>Header Files\TouchGFX\touchgfx</Filter>
    </ClInclude>
    <ClInclude Include="$(TouchGFXReleasePath)\framework\include\touchgfx\transforms\DisplayTransformation.hpp">
      <Filter>Header Files\TouchGFX\touchgfx\transforms</Filter>
    </ClInclude>
    <ClInclude Include="$(TouchGFXReleasePath)\framework\include\touchgfx\transforms\TouchCalibration.hpp">
      <Filter>Header Files\TouchGFX\touchgfx\transforms</Filter>
    </ClInclude>
    <ClInclude Include="$(TouchGFXReleasePath)\framework\include\touchgfx\transitions\NoTransition.hpp">
      <Filter>Header Files\TouchGFX\touchgfx\transitions</Filter>
    </ClInclude>
    <ClInclude Include="$(TouchGFXReleasePath)\framework\include\touchgfx\transitions\SlideTransition.hpp">
      <Filter>Header Files\TouchGFX\touchgfx\transitions</Filter>
    </ClInclude>
    <ClInclude Include="$(TouchGFXReleasePath)\framework\include\touchgfx\transitions\Transition.hpp">
      <Filter>Header Files\TouchGFX\touchgfx\transitions</Filter>
    </ClInclude>
    <ClInclude Include="$(TouchGFXReleasePath)\framework\include\touchgfx\TypedText.hpp">
      <Filter>Header Files\TouchGFX\touchgfx</Filter>
    </ClInclude>
    <ClInclude Include="$(TouchGFXReleasePath)\framework\include\touchgfx\UIEventListener.hpp">
      <Filter>Header Files\TouchGFX\touchgfx</Filter>
    </ClInclude>
    <ClInclude Include="$(TouchGFXReleasePath)\framework\include\touchgfx\Unicode.hpp">
      <Filter>Header Files\TouchGFX\touchgfx</Filter>
    </ClInclude>
    <ClInclude Include="$(TouchGFXReleasePath)\framework\include\touchgfx\Utils.hpp">
      <Filter>Header Files\TouchGFX\touchgfx</Filter>
    </ClInclude>
    <ClInclude Include="$(TouchGFXReleasePath)\framework\include\touchgfx\widgets\AbstractButton.hpp">
      <Filter>Header Files\TouchGFX\touchgfx\widgets</Filter>
    </ClInclude>
    <ClInclude Include="$(TouchGFXReleasePath)\framework\include\touchgfx\widgets\AnimatedImage.hpp">
      <Filter>Header Files\TouchGFX\touchgfx\widgets</Filter>
    </ClInclude>
    <ClInclude Include="$(TouchGFXReleasePath)\framework\include\touchgfx\widgets\AnimationTextureMapper.hpp">
      <Filter>Header Files\TouchGFX\touchgfx\widgets</Filter>
    </ClInclude>
    <ClInclude Include="$(TouchGFXReleasePath)\framework\include\touchgfx\widgets\Box.hpp">
      <Filter>Header Files\TouchGFX\touchgfx\widgets</Filter>
    </ClInclude>
    <ClInclude Include="$(TouchGFXReleasePath)\framework\include\touchgfx\widgets\Button.hpp">
      <Filter>Header Files\TouchGFX\touchgfx\widgets</Filter>
    </ClInclude>
    <ClInclude Include="$(TouchGFXReleasePath)\framework\include\touchgfx\widgets\ButtonWithIcon.hpp">
      <Filter>Header Files\TouchGFX\touchgfx\widgets</Filter>
    </ClInclude>
    <ClInclude Include="$(TouchGFXReleasePath)\framework\include\touchgfx\widgets\ButtonWithLabel.hpp">
      <Filter>Header Files\TouchGFX\touchgfx\widgets</Filter>
    </ClInclude>
    <ClInclude Include="$(TouchGFXReleasePath)\framework\include\touchgfx\widgets\canvas\AbstractPainter.hpp">
      <Filter>Header Files\TouchGFX\touchgfx\widgets\canvas</Filter>
    </ClInclude>
    <ClInclude Include="$(TouchGFXReleasePath)\framework\include\touchgfx\widgets\canvas\AbstractPainterBW.hpp">
      <Filter>Header Files\TouchGFX\touchgfx\widgets\canvas</Filter>
    </ClInclude>
    <ClInclude Include="$(TouchGFXReleasePath)\framework\include\touchgfx\widgets\canvas\AbstractPainterGRAY2.hpp">
      <Filter>Header Files\TouchGFX\touchgfx\widgets\canvas</Filter>
    </ClInclude>
    <ClInclude Include="$(TouchGFXReleasePath)\framework\include\touchgfx\widgets\canvas\AbstractPainterGRAY4.hpp">
      <Filter>Header Files\TouchGFX\touchgfx\widgets\canvas</Filter>
    </ClInclude>
    <ClInclude Include="$(TouchGFXReleasePath)\framework\include\touchgfx\widgets\canvas\AbstractPainterRGB565.hpp">
      <Filter>Header Files\TouchGFX\touchgfx\widgets\canvas</Filter>
    </ClInclude>
    <ClInclude Include="$(TouchGFXReleasePath)\framework\include\touchgfx\widgets\canvas\AbstractPainterRGB888.hpp">
      <Filter>Header Files\TouchGFX\touchgfx\widgets\canvas</Filter>
    </ClInclude>
    <ClInclude Include="$(TouchGFXReleasePath)\framework\include\touchgfx\widgets\canvas\AbstractShape.hpp">
      <Filter>Header Files\TouchGFX\touchgfx\widgets\canvas</Filter>
    </ClInclude>
    <ClInclude Include="$(TouchGFXReleasePath)\framework\include\touchgfx\widgets\canvas\Canvas.hpp">
      <Filter>Header Files\TouchGFX\touchgfx\widgets\canvas</Filter>
    </ClInclude>
    <ClInclude Include="$(TouchGFXReleasePath)\framework\include\touchgfx\widgets\canvas\CanvasWidget.hpp">
      <Filter>Header Files\TouchGFX\touchgfx\widgets\canvas</Filter>
    </ClInclude>
    <ClInclude Include="$(TouchGFXReleasePath)\framework\include\touchgfx\widgets\canvas\Circle.hpp">
      <Filter>Header Files\TouchGFX\touchgfx\widgets\canvas</Filter>
    </ClInclude>
    <ClInclude Include="$(TouchGFXReleasePath)\framework\include\touchgfx\widgets\canvas\CWRUtil.hpp">
      <Filter>Header Files\TouchGFX\touchgfx\widgets\canvas</Filter>
    </ClInclude>
    <ClInclude Include="$(TouchGFXReleasePath)\framework\include\touchgfx\widgets\canvas\Line.hpp">
      <Filter>Header Files\TouchGFX\touchgfx\widgets\canvas</Filter>
    </ClInclude>
    <ClInclude Include="$(TouchGFXReleasePath)\framework\include\touchgfx\widgets\canvas\PainterBW.hpp">
      <Filter>Header Files\TouchGFX\touchgfx\widgets\canvas</Filter>
    </ClInclude>
    <ClInclude Include="$(TouchGFXReleasePath)\framework\include\touchgfx\widgets\canvas\PainterGRAY2.hpp">
      <Filter>Header Files\TouchGFX\touchgfx\widgets\canvas</Filter>
    </ClInclude>
    <ClInclude Include="$(TouchGFXReleasePath)\framework\include\touchgfx\widgets\canvas\PainterGRAY2Bitmap.hpp">
      <Filter>Header Files\TouchGFX\touchgfx\widgets\canvas</Filter>
    </ClInclude>
    <ClInclude Include="$(TouchGFXReleasePath)\framework\include\touchgfx\widgets\canvas\PainterGRAY4.hpp">
      <Filter>Header Files\TouchGFX\touchgfx\widgets\canvas</Filter>
    </ClInclude>
    <ClInclude Include="$(TouchGFXReleasePath)\framework\include\touchgfx\widgets\canvas\PainterGRAY4Bitmap.hpp">
      <Filter>Header Files\TouchGFX\touchgfx\widgets\canvas</Filter>
    </ClInclude>
    <ClInclude Include="$(TouchGFXReleasePath)\framework\include\touchgfx\widgets\canvas\PainterRGB565.hpp">
      <Filter>Header Files\TouchGFX\touchgfx\widgets\canvas</Filter>
    </ClInclude>
    <ClInclude Include="$(TouchGFXReleasePath)\framework\include\touchgfx\widgets\canvas\PainterRGB565Bitmap.hpp">
      <Filter>Header Files\TouchGFX\touchgfx\widgets\canvas</Filter>
    </ClInclude>
    <ClInclude Include="$(TouchGFXReleasePath)\framework\include\touchgfx\widgets\canvas\PainterRGB888.hpp">
      <Filter>Header Files\TouchGFX\touchgfx\widgets\canvas</Filter>
    </ClInclude>
    <ClInclude Include="$(TouchGFXReleasePath)\framework\include\touchgfx\widgets\canvas\PainterRGB888Bitmap.hpp">
      <Filter>Header Files\TouchGFX\touchgfx\widgets\canvas</Filter>
    </ClInclude>
    <ClInclude Include="$(TouchGFXReleasePath)\framework\include\touchgfx\widgets\canvas\Shape.hpp">
      <Filter>Header Files\TouchGFX\touchgfx\widgets\canvas</Filter>
    </ClInclude>
    <ClInclude Include="$(TouchGFXReleasePath)\framework\include\touchgfx\widgets\Image.hpp">
      <Filter>Header Files\TouchGFX\touchgfx\widgets</Filter>
    </ClInclude>
    <ClInclude Include="$(TouchGFXReleasePath)\framework\include\touchgfx\widgets\Keyboard.hpp">
      <Filter>Header Files\TouchGFX\touchgfx\widgets</Filter>
    </ClInclude>
    <ClInclude Include="$(TouchGFXReleasePath)\framework\include\touchgfx\widgets\PixelDataWidget.hpp">
      <Filter>Header Files\TouchGFX\touchgfx\widgets</Filter>
    </ClInclude>
    <ClInclude Include="$(TouchGFXReleasePath)\framework\include\touchgfx\widgets\RadioButton.hpp">
      <Filter>Header Files\TouchGFX\touchgfx\widgets</Filter>
    </ClInclude>
    <ClInclude Include="$(TouchGFXReleasePath)\framework\include\touchgfx\widgets\RadioButtonGroup.hpp">
      <Filter>Header Files\TouchGFX\touchgfx\widgets</Filter>
    </ClInclude>
    <ClInclude Include="$(TouchGFXReleasePath)\framework\include\touchgfx\widgets\RepeatButton.hpp">
      <Filter>Header Files\TouchGFX\touchgfx\widgets</Filter>
    </ClInclude>
    <ClInclude Include="$(TouchGFXReleasePath)\framework\include\touchgfx\widgets\ScalableImage.hpp">
      <Filter>Header Files\TouchGFX\touchgfx\widgets</Filter>
    </ClInclude>
    <ClInclude Include="$(TouchGFXReleasePath)\framework\include\touchgfx\widgets\SnapshotWidget.hpp">
      <Filter>Header Files\TouchGFX\touchgfx\widgets</Filter>
    </ClInclude>
    <ClInclude Include="$(TouchGFXReleasePath)\framework\include\touchgfx\widgets\TextArea.hpp">
      <Filter>Header Files\TouchGFX\touchgfx\widgets</Filter>
    </ClInclude>
    <ClInclude Include="$(TouchGFXReleasePath)\framework\include\touchgfx\widgets\TextAreaWithWildcard.hpp">
      <Filter>Header Files\TouchGFX\touchgfx\widgets</Filter>
    </ClInclude>
    <ClInclude Include="$(TouchGFXReleasePath)\framework\include\touchgfx\widgets\TextureMapper.hpp">
      <Filter>Header Files\TouchGFX\touchgfx\widgets</Filter>
    </ClInclude>
    <ClInclude Include="$(TouchGFXReleasePath)\framework\include\touchgfx\widgets\TiledImage.hpp">
      <Filter>Header Files\TouchGFX\touchgfx\widgets</Filter>
    </ClInclude>
    <ClInclude Include="$(TouchGFXReleasePath)\framework\include\touchgfx\widgets\ToggleButton.hpp">
      <Filter>Header Files\TouchGFX\touchgfx\widgets</Filter>
    </ClInclude>
    <ClInclude Include="$(TouchGFXReleasePath)\framework\include\touchgfx\widgets\TouchArea.hpp">
      <Filter>Header Files\TouchGFX\touchgfx\widgets</Filter>
    </ClInclude>
    <ClInclude Include="$(TouchGFXReleasePath)\framework\include\touchgfx\widgets\Widget.hpp">
      <Filter>Header Files\TouchGFX\touchgfx\widgets</Filter>
    </ClInclude>
    <ClInclude Include="$(ApplicationRoot)\generated\simulator\include\simulator\mainBase.hpp">
      <Filter>Header Files\generated\simulator</Filter>
    </ClInclude>
    <ClInclude Include="..\..\gui\include\gui\common\FrontendApplication.hpp">
      <Filter>Header Files\gui\common</Filter>
    </ClInclude>
    <ClInclude Include="..\..\generated\gui_generated\include\gui_generated\common\FrontendApplicationBase.hpp">
      <Filter>Header Files\generated\gui_generated\common</Filter>
    </ClInclude>
    <ClInclude Include="..\..\gui\include\gui\common\FrontendHeap.hpp">
      <Filter>Header Files\gui\common</Filter>
    </ClInclude>
    <ClInclude Include="..\..\generated\gui_generated\include\gui_generated\common\FrontendHeapBase.hpp">
      <Filter>Header Files\generated\gui_generated\common</Filter>
    </ClInclude>
    <ClInclude Include="..\..\gui\include\gui\model\Model.hpp">
      <Filter>Header Files\gui\model</Filter>
    </ClInclude>
    <ClInclude Include="..\..\gui\include\gui\model\ModelListener.hpp">
      <Filter>Header Files\gui\model</Filter>
    </ClInclude>
    <ClInclude Include="..\..\gui\include\gui\screen1_screen\Screen1Presenter.hpp">
      <Filter>Header Files\gui\screen1_screen</Filter>
    </ClInclude>
    <ClInclude Include="..\..\gui\include\gui\screen1_screen\Screen1View.hpp">
      <Filter>Header Files\gui\screen1_screen</Filter>
    </ClInclude>
    <ClInclude Include="..\..\generated\gui_generated\include\gui_generated\screen1_screen\Screen1ViewBase.hpp">
      <Filter>Header Files\generated\gui_generated\screen1_screen</Filter>
    </ClInclude>
    <ClInclude Include="..\..\generated\gui_generated\include\gui_generated\common\SimConstants.hpp">
      <Filter>Header Files\generated\gui_generated\common</Filter>
    </ClInclude>
    <ClInclude Include="..\..\gui\include\gui\screen2_screen\Screen2Presenter.hpp">
      <Filter>Header Files\gui\screen2_screen</Filter>
    </ClInclude>
    <ClInclude Include="..\..\gui\include\gui\screen2_screen\Screen2View.hpp">
      <Filter>Header Files\gui\screen2_screen</Filter>
    </ClInclude>
    <ClInclude Include="..\..\generated\gui_generated\include\gui_generated\screen2_screen\Screen2ViewBase.hpp">
      <Filter>Header Files\generated\gui_generated\screen2_screen</Filter>
    </ClInclude>
    <ClInclude Include="..\..\gui\include\gui\screencontrolsliderstrength_screen\ScreenControlSliderStrengthPresenter.hpp">
      <Filter>Header Files\gui\screencontrolsliderstrength_screen</Filter>
    </ClInclude>
    <ClInclude Include="..\..\gui\include\gui\screencontrolsliderstrength_screen\ScreenControlSliderStrengthView.hpp">
      <Filter>Header Files\gui\screencontrolsliderstrength_screen</Filter>
    </ClInclude>
    <ClInclude Include="..\..\generated\gui_generated\include\gui_generated\screencontrolsliderstrength_screen\ScreenControlSliderStrengthViewBase.hpp">
      <Filter>Header Files\generated\gui_generated\screencontrolsliderstrength_screen</Filter>
    </ClInclude>
    <ClInclude Include="..\..\gui\include\gui\screencontrolsliderbrightness_screen\ScreenControlSliderBrightnessPresenter.hpp">
      <Filter>Header Files\gui\screencontrolsliderbrightness_screen</Filter>
    </ClInclude>
    <ClInclude Include="..\..\gui\include\gui\screencontrolsliderbrightness_screen\ScreenControlSliderBrightnessView.hpp">
      <Filter>Header Files\gui\screencontrolsliderbrightness_screen</Filter>
    </ClInclude>
    <ClInclude Include="..\..\generated\gui_generated\include\gui_generated\screencontrolsliderbrightness_screen\ScreenControlSliderBrightnessViewBase.hpp">
      <Filter>Header Files\generated\gui_generated\screencontrolsliderbrightness_screen</Filter>
    </ClInclude>
    <ClInclude Include="..\..\gui\include\gui\screencontrolsliderspeed_screen\ScreenControlSliderSpeedPresenter.hpp">
      <Filter>Header Files\gui\screencontrolsliderspeed_screen</Filter>
    </ClInclude>
    <ClInclude Include="..\..\gui\include\gui\screencontrolsliderspeed_screen\ScreenControlSliderSpeedView.hpp">
      <Filter>Header Files\gui\screencontrolsliderspeed_screen</Filter>
    </ClInclude>
    <ClInclude Include="..\..\generated\gui_generated\include\gui_generated\screencontrolsliderspeed_screen\ScreenControlSliderSpeedViewBase.hpp">
      <Filter>Header Files\generated\gui_generated\screencontrolsliderspeed_screen</Filter>
    </ClInclude>
    <ClInclude Include="..\..\gui\include\gui\screencontrollampnormal_screen\ScreenControlLampNormalPresenter.hpp">
      <Filter>Header Files\gui\screencontrollampnormal_screen</Filter>
    </ClInclude>
    <ClInclude Include="..\..\gui\include\gui\screencontrollampnormal_screen\ScreenControlLampNormalView.hpp">
      <Filter>Header Files\gui\screencontrollampnormal_screen</Filter>
    </ClInclude>
    <ClInclude Include="..\..\generated\gui_generated\include\gui_generated\screencontrollampnormal_screen\ScreenControlLampNormalViewBase.hpp">
      <Filter>Header Files\generated\gui_generated\screencontrollampnormal_screen</Filter>
    </ClInclude>
    <ClInclude Include="..\..\gui\include\gui\screencontrollampreading_screen\ScreenControlLampReadingPresenter.hpp">
      <Filter>Header Files\gui\screencontrollampreading_screen</Filter>
    </ClInclude>
    <ClInclude Include="..\..\gui\include\gui\screencontrollampreading_screen\ScreenControlLampReadingView.hpp">
      <Filter>Header Files\gui\screencontrollampreading_screen</Filter>
    </ClInclude>
    <ClInclude Include="..\..\generated\gui_generated\include\gui_generated\screencontrollampreading_screen\ScreenControlLampReadingViewBase.hpp">
      <Filter>Header Files\generated\gui_generated\screencontrollampreading_screen</Filter>
    </ClInclude>
    <ClInclude Include="..\..\gui\include\gui\screenmenusettinglamp_screen\ScreenMenuSettingLampPresenter.hpp">
      <Filter>Header Files\gui\screenmenusettinglamp_screen</Filter>
    </ClInclude>
    <ClInclude Include="..\..\gui\include\gui\screenmenusettinglamp_screen\ScreenMenuSettingLampView.hpp">
      <Filter>Header Files\gui\screenmenusettinglamp_screen</Filter>
    </ClInclude>
    <ClInclude Include="..\..\generated\gui_generated\include\gui_generated\screenmenusettinglamp_screen\ScreenMenuSettingLampViewBase.hpp">
      <Filter>Header Files\generated\gui_generated\screenmenusettinglamp_screen</Filter>
    </ClInclude>
    <ClInclude Include="..\..\gui\include\gui\screenmenusettingbattery_screen\ScreenMenuSettingBatteryPresenter.hpp">
      <Filter>Header Files\gui\screenmenusettingbattery_screen</Filter>
    </ClInclude>
    <ClInclude Include="..\..\gui\include\gui\screenmenusettingbattery_screen\ScreenMenuSettingBatteryView.hpp">
      <Filter>Header Files\gui\screenmenusettingbattery_screen</Filter>
    </ClInclude>
    <ClInclude Include="..\..\generated\gui_generated\include\gui_generated\screenmenusettingbattery_screen\ScreenMenuSettingBatteryViewBase.hpp">
      <Filter>Header Files\generated\gui_generated\screenmenusettingbattery_screen</Filter>
    </ClInclude>
    <ClInclude Include="..\..\gui\include\gui\screenwelcomewarning_screen\ScreenWelcomeWarningPresenter.hpp">
      <Filter>Header Files\gui\screenwelcomewarning_screen</Filter>
    </ClInclude>
    <ClInclude Include="..\..\gui\include\gui\screenwelcomewarning_screen\ScreenWelcomeWarningView.hpp">
      <Filter>Header Files\gui\screenwelcomewarning_screen</Filter>
    </ClInclude>
    <ClInclude Include="..\..\generated\gui_generated\include\gui_generated\screenwelcomewarning_screen\ScreenWelcomeWarningViewBase.hpp">
      <Filter>Header Files\generated\gui_generated\screenwelcomewarning_screen</Filter>
    </ClInclude>
    <ClInclude Include="..\..\gui\include\gui\screenwelcomeanimation_screen\ScreenWelcomeAnimationPresenter.hpp">
      <Filter>Header Files\gui\screenwelcomeanimation_screen</Filter>
    </ClInclude>
    <ClInclude Include="..\..\gui\include\gui\screenwelcomeanimation_screen\ScreenWelcomeAnimationView.hpp">
      <Filter>Header Files\gui\screenwelcomeanimation_screen</Filter>
    </ClInclude>
    <ClInclude Include="..\..\generated\gui_generated\include\gui_generated\screenwelcomeanimation_screen\ScreenWelcomeAnimationViewBase.hpp">
      <Filter>Header Files\generated\gui_generated\screenwelcomeanimation_screen</Filter>
    </ClInclude>
  </ItemGroup>
  <ItemGroup>
    <ResourceCompile Include="$(ApplicationRoot)\generated\simulator\touchgfx.rc">
      <Filter>Resource Files</Filter>
    </ResourceCompile>
  </ItemGroup>
</Project>
